Microsoft Visual Studio Solution File, Format Version 12.00
# Visual Studio Version 17
VisualStudioVersion = 17.0.31903.59
MinimumVisualStudioVersion = 10.0.40219.1
Project("{9A19103F-16F7-4668-BE54-9A1E7A4F7556}") = "Jellyfin.Plugin.QControl", "Jellyfin.Plugin.QControl/Jellyfin.Plugin.QControl.csproj", "{DC56CD5A-8DB7-4CE6-8AC9-8E7A60714413}"
EndProject
Project("{9A19103F-16F7-4668-BE54-9A1E7A4F7556}") = "Jellyfin.Plugin.QControl.Domain", "Jellyfin.Plugin.QControl.Domain/Jellyfin.Plugin.QControl.Domain.csproj", "{2E7D630A-EFF3-4A6B-A34A-5E787ABFF4B8}"
EndProject
Project("{9A19103F-16F7-4668-BE54-9A1E7A4F7556}") = "Jellyfin.Plugin.QControl.Tests", "tests/Jellyfin.Plugin.QControl.Tests/Jellyfin.Plugin.QControl.Tests.csproj", "{B51EF3E2-4CDD-4430-8B21-F257D0B3C289}"
EndProject
Project("{9A19103F-16F7-4668-BE54-9A1E7A4F7556}") = "Jellyfin.Plugin.QControl.QBittorrentContractProbe", "tests/Jellyfin.Plugin.QControl.QBittorrentContractProbe/Jellyfin.Plugin.QControl.QBittorrentContractProbe.csproj", "{81251DB8-0E84-4EEF-B7EA-23F9A35D73AD}"
EndProject
Project("{9A19103F-16F7-4668-BE54-9A1E7A4F7556}") = "Jellyfin.Plugin.QControl.ActionContractProbe", "tests/Jellyfin.Plugin.QControl.ActionContractProbe/Jellyfin.Plugin.QControl.ActionContractProbe.csproj", "{F526292A-6AC9-491E-BC3D-DF8752FF00FD}"
EndProject
Global
	GlobalSection(SolutionConfigurationPlatforms) = preSolution
		Debug|Any CPU = Debug|Any CPU
		Release|Any CPU = Release|Any CPU
	EndGlobalSection
	GlobalSection(ProjectConfigurationPlatforms) = postSolution
		{DC56CD5A-8DB7-4CE6-8AC9-8E7A60714413}.Debug|Any CPU.ActiveCfg = Debug|Any CPU
		{DC56CD5A-8DB7-4CE6-8AC9-8E7A60714413}.Debug|Any CPU.Build.0 = Debug|Any CPU
		{DC56CD5A-8DB7-4CE6-8AC9-8E7A60714413}.Release|Any CPU.ActiveCfg = Release|Any CPU
		{DC56CD5A-8DB7-4CE6-8AC9-8E7A60714413}.Release|Any CPU.Build.0 = Release|Any CPU
		{2E7D630A-EFF3-4A6B-A34A-5E787ABFF4B8}.Debug|Any CPU.ActiveCfg = Debug|Any CPU
		{2E7D630A-EFF3-4A6B-A34A-5E787ABFF4B8}.Debug|Any CPU.Build.0 = Debug|Any CPU
		{2E7D630A-EFF3-4A6B-A34A-5E787ABFF4B8}.Release|Any CPU.ActiveCfg = Release|Any CPU
		{2E7D630A-EFF3-4A6B-A34A-5E787ABFF4B8}.Release|Any CPU.Build.0 = Release|Any CPU
		{B51EF3E2-4CDD-4430-8B21-F257D0B3C289}.Debug|Any CPU.ActiveCfg = Debug|Any CPU
		{B51EF3E2-4CDD-4430-8B21-F257D0B3C289}.Debug|Any CPU.Build.0 = Debug|Any CPU
		{B51EF3E2-4CDD-4430-8B21-F257D0B3C289}.Release|Any CPU.ActiveCfg = Release|Any CPU
		{B51EF3E2-4CDD-4430-8B21-F257D0B3C289}.Release|Any CPU.Build.0 = Release|Any CPU
		{81251DB8-0E84-4EEF-B7EA-23F9A35D73AD}.Debug|Any CPU.ActiveCfg = Debug|Any CPU
		{81251DB8-0E84-4EEF-B7EA-23F9A35D73AD}.Debug|Any CPU.Build.0 = Debug|Any CPU
		{81251DB8-0E84-4EEF-B7EA-23F9A35D73AD}.Release|Any CPU.ActiveCfg = Release|Any CPU
		{81251DB8-0E84-4EEF-B7EA-23F9A35D73AD}.Release|Any CPU.Build.0 = Release|Any CPU
		{F526292A-6AC9-491E-BC3D-DF8752FF00FD}.Debug|Any CPU.ActiveCfg = Debug|Any CPU
		{F526292A-6AC9-491E-BC3D-DF8752FF00FD}.Debug|Any CPU.Build.0 = Debug|Any CPU
		{F526292A-6AC9-491E-BC3D-DF8752FF00FD}.Release|Any CPU.ActiveCfg = Release|Any CPU
		{F526292A-6AC9-491E-BC3D-DF8752FF00FD}.Release|Any CPU.Build.0 = Release|Any CPU
	EndGlobalSection
EndGlobal
